
Microsoft Visual Studio Solution File, Format Version 12.00
# Visual Studio Version 17
VisualStudioVersion = 17.14.36811.4 d17.14
MinimumVisualStudioVersion = 10.0.40219.1
Project("{FAE04EC0-301F-11D3-BF4B-00C04F79EFBC}") = "BookKartWeb", "BookKartWeb\BookKartWeb.csproj", "{7430D65A-97FF-4A5A-998C-2B36C9873287}"
EndProject
Global
	GlobalSection(SolutionConfigurationPlatforms) = preSolution
		Debug|Any CPU = Debug|Any CPU
		Release|Any CPU = Release|Any CPU
	EndGlobalSection
	GlobalSection(ProjectConfigurationPlatforms) = postSolution
		{7430D65A-97FF-4A5A-998C-2B36C9873287}.Debug|Any CPU.ActiveCfg = Debug|Any CPU
		{7430D65A-97FF-4A5A-998C-2B36C9873287}.Debug|Any CPU.Build.0 = Debug|Any CPU
		{7430D65A-97FF-4A5A-998C-2B36C9873287}.Release|Any CPU.ActiveCfg = Release|Any CPU
		{7430D65A-97FF-4A5A-998C-2B36C9873287}.Release|Any CPU.Build.0 = Release|Any CPU
	EndGlobalSection
	GlobalSection(SolutionProperties) = preSolution
		HideSolutionNode = FALSE
	EndGlobalSection
	GlobalSection(ExtensibilityGlobals) = postSolution
		SolutionGuid = {27F1F74A-3A29-405B-95BE-8144EE0A9FF0}
	EndGlobalSection
EndGlobal
